
Microsoft Visual Studio Solution File, Format Version 12.00
# Visual Studio Version 16
VisualStudioVersion = 16.0.35931.194
MinimumVisualStudioVersion = 10.0.40219.1
Project("{9A19103F-16F7-4668-BE54-9A1E7A4F7556}") = "ApiEnvioMasivo", "ApiEnvioMasivo.csproj", "{4AF710DD-9E74-4D42-9E61-28A74CC229ED}"
EndProject
Global
	GlobalSection(SolutionConfigurationPlatforms) = preSolution
		Debug|Any CPU = Debug|Any CPU
		Release|Any CPU = Release|Any CPU
	EndGlobalSection
	GlobalSection(ProjectConfigurationPlatforms) = postSolution
		{4AF710DD-9E74-4D42-9E61-28A74CC229ED}.Debug|Any CPU.ActiveCfg = Debug|Any CPU
		{4AF710DD-9E74-4D42-9E61-28A74CC229ED}.Debug|Any CPU.Build.0 = Debug|Any CPU
		{4AF710DD-9E74-4D42-9E61-28A74CC229ED}.Release|Any CPU.ActiveCfg = Release|Any CPU
		{4AF710DD-9E74-4D42-9E61-28A74CC229ED}.Release|Any CPU.Build.0 = Release|Any CPU
	EndGlobalSection
	GlobalSection(SolutionProperties) = preSolution
		HideSolutionNode = FALSE
	EndGlobalSection
	GlobalSection(ExtensibilityGlobals) = postSolution
		SolutionGuid = {7C2AA9C8-A59B-4707-A58E-2DF1A9121A49}
	EndGlobalSection
EndGlobal
